
Microsoft Visual Studio Solution File, Format Version 12.00
# Visual Studio Version 16
VisualStudioVersion = 16.0.30804.86
MinimumVisualStudioVersion = 10.0.40219.1
Project("{9A19103F-16F7-4668-BE54-9A1E7A4F7556}") = "cmkts.blog.entities", "cmkts.blog.entities\cmkts.blog.entities.csproj", "{31986CC5-6FB2-4671-90E5-F25165C8D903}"
EndProject
Project("{9A19103F-16F7-4668-BE54-9A1E7A4F7556}") = "cmkts.blog.dataaccess", "cmkts.blog.dataaccess\cmkts.blog.dataaccess.csproj", "{BE0A29B4-D565-43C1-AD60-3D9A350328A2}"
EndProject
Project("{9A19103F-16F7-4668-BE54-9A1E7A4F7556}") = "cmkts.blog.wepapi", "cmkts.blog.wepapi\cmkts.blog.wepapi.csproj", "{E8463F92-AAF6-4A7C-8824-662CC0A3D48C}"
EndProject
Project("{9A19103F-16F7-4668-BE54-9A1E7A4F7556}") = "cmkts.blog.viewmodel", "cmkts.blog.viewmodel\cmkts.blog.viewmodel.csproj", "{CF624E95-BFA9-46E2-B6AF-5A4820E29AC2}"
EndProject
Project("{FAE04EC0-301F-11D3-BF4B-00C04F79EFBC}") = "cmkts.blog.business", "cmkts.blog.business\cmkts.blog.business.csproj", "{34925CDA-56A9-437D-97A7-05234FAD7C17}"
EndProject
Global
	GlobalSection(SolutionConfigurationPlatforms) = preSolution
		Debug|Any CPU = Debug|Any CPU
		Release|Any CPU = Release|Any CPU
	EndGlobalSection
	GlobalSection(ProjectConfigurationPlatforms) = postSolution
		{31986CC5-6FB2-4671-90E5-F25165C8D903}.Debug|Any CPU.ActiveCfg = Debug|Any CPU
		{31986CC5-6FB2-4671-90E5-F25165C8D903}.Debug|Any CPU.Build.0 = Debug|Any CPU
		{31986CC5-6FB2-4671-90E5-F25165C8D903}.Release|Any CPU.ActiveCfg = Release|Any CPU
		{31986CC5-6FB2-4671-90E5-F25165C8D903}.Release|Any CPU.Build.0 = Release|Any CPU
		{BE0A29B4-D565-43C1-AD60-3D9A350328A2}.Debug|Any CPU.ActiveCfg = Debug|Any CPU
		{BE0A29B4-D565-43C1-AD60-3D9A350328A2}.Debug|Any CPU.Build.0 = Debug|Any CPU
		{BE0A29B4-D565-43C1-AD60-3D9A350328A2}.Release|Any CPU.ActiveCfg = Release|Any CPU
		{BE0A29B4-D565-43C1-AD60-3D9A350328A2}.Release|Any CPU.Build.0 = Release|Any CPU
		{E8463F92-AAF6-4A7C-8824-662CC0A3D48C}.Debug|Any CPU.ActiveCfg = Debug|Any CPU
		{E8463F92-AAF6-4A7C-8824-662CC0A3D48C}.Debug|Any CPU.Build.0 = Debug|Any CPU
		{E8463F92-AAF6-4A7C-8824-662CC0A3D48C}.Release|Any CPU.ActiveCfg = Release|Any CPU
		{E8463F92-AAF6-4A7C-8824-662CC0A3D48C}.Release|Any CPU.Build.0 = Release|Any CPU
		{CF624E95-BFA9-46E2-B6AF-5A4820E29AC2}.Debug|Any CPU.ActiveCfg = Debug|Any CPU
		{CF624E95-BFA9-46E2-B6AF-5A4820E29AC2}.Debug|Any CPU.Build.0 = Debug|Any CPU
		{CF624E95-BFA9-46E2-B6AF-5A4820E29AC2}.Release|Any CPU.ActiveCfg = Release|Any CPU
		{CF624E95-BFA9-46E2-B6AF-5A4820E29AC2}.Release|Any CPU.Build.0 = Release|Any CPU
		{34925CDA-56A9-437D-97A7-05234FAD7C17}.Debug|Any CPU.ActiveCfg = Debug|Any CPU
		{34925CDA-56A9-437D-97A7-05234FAD7C17}.Debug|Any CPU.Build.0 = Debug|Any CPU
		{34925CDA-56A9-437D-97A7-05234FAD7C17}.Release|Any CPU.ActiveCfg = Release|Any CPU
		{34925CDA-56A9-437D-97A7-05234FAD7C17}.Release|Any CPU.Build.0 = Release|Any CPU
	EndGlobalSection
	GlobalSection(SolutionProperties) = preSolution
		HideSolutionNode = FALSE
	EndGlobalSection
	GlobalSection(ExtensibilityGlobals) = postSolution
		SolutionGuid = {8C01E086-CF9A-4272-9A6B-09679835F455}
	EndGlobalSection
EndGlobal
